
Microsoft Visual Studio Solution File, Format Version 12.00
# Visual Studio Version 16
VisualStudioVersion = 25.0.1703.8
MinimumVisualStudioVersion = 10.0.40219.1
Project("{FAE04EC0-301F-11D3-BF4B-00C04F79EFBC}") = "Naapurillisuus", "Naapurillisuus.csproj", "{C0F06D0B-5E85-4BC0-A8B5-311CCF5CFD9E}"
EndProject
Global
	GlobalSection(SolutionConfigurationPlatforms) = preSolution
		Debug|Any CPU = Debug|Any CPU
		Release|Any CPU = Release|Any CPU
	EndGlobalSection
	GlobalSection(ProjectConfigurationPlatforms) = postSolution
		{C0F06D0B-5E85-4BC0-A8B5-311CCF5CFD9E}.Debug|Any CPU.ActiveCfg = Debug|Any CPU
		{C0F06D0B-5E85-4BC0-A8B5-311CCF5CFD9E}.Debug|Any CPU.Build.0 = Debug|Any CPU
		{C0F06D0B-5E85-4BC0-A8B5-311CCF5CFD9E}.Release|Any CPU.ActiveCfg = Release|Any CPU
		{C0F06D0B-5E85-4BC0-A8B5-311CCF5CFD9E}.Release|Any CPU.Build.0 = Release|Any CPU
	EndGlobalSection
	GlobalSection(SolutionProperties) = preSolution
		HideSolutionNode = FALSE
	EndGlobalSection
	GlobalSection(ExtensibilityGlobals) = postSolution
		SolutionGuid = {D241ECB2-EE75-4371-9156-3DACE4E4F96E}
	EndGlobalSection
EndGlobal
